// !$*UTF8*$!
{
	archiveVersion = 1;
	classes = {
	};
	objectVersion = 50;
	objects = {

/* Begin PBXBuildFile section */
		EABCEEA2247E1BA7001CDC35 /* AppDelegate.swift in Sources */ = {isa = PBXBuildFile; fileRef = EABCEEA1247E1BA7001CDC35 /* AppDelegate.swift */; };
		EABCEEA4247E1BA7001CDC35 /* SceneDelegate.swift in Sources */ = {isa = PBXBuildFile; fileRef = EABCEEA3247E1BA7001CDC35 /* SceneDelegate.swift */; };
		EABCEEA6247E1BA7001CDC35 /* ContentView.swift in Sources */ = {isa = PBXBuildFile; fileRef = EABCEEA5247E1BA7001CDC35 /* ContentView.swift */; };
		EABCEEA8247E1BAA001CDC35 /* Assets.xcassets in Resources */ = {isa = PBXBuildFile; fileRef = EABCEEA7247E1BAA001CDC35 /* Assets.xcassets */; };
		EABCEEAB247E1BAA001CDC35 /* Preview Assets.xcassets in Resources */ = {isa = PBXBuildFile; fileRef = EABCEEAA247E1BAA001CDC35 /* Preview Assets.xcassets */; };
		EABCEEAE247E1BAA001CDC35 /* LaunchScreen.storyboard in Resources */ = {isa = PBXBuildFile; fileRef = EABCEEAC247E1BAA001CDC35 /* LaunchScreen.storyboard */; };
		EABCEEB6247F727D001CDC35 /* MemoryGame.swift in Sources */ = {isa = PBXBuildFile; fileRef = EABCEEB5247F727D001CDC35 /* MemoryGame.swift */; };
		EABCEEB8247F752A001CDC35 /* EmojiMemoryGame.swift in Sources */ = {isa = PBXBuildFile; fileRef = EABCEEB7247F752A001CDC35 /* EmojiMemoryGame.swift */; };
/* End PBXBuildFile section */

/* Begin PBXFileReference section */
		EABCEE9E247E1BA7001CDC35 /* Memorize.app */ = {isa = PBXFileReference; explicitFileType = wrapper.application; includeInIndex = 0; path = Memorize.app; sourceTree = BUILT_PRODUCTS_DIR; };
		EABCEEA1247E1BA7001CDC35 /* AppDelegate.swift */ = {isa = PBXFileReference; lastKnownFileType = sourcecode.swift; path = AppDelegate.swift; sourceTree = "<group>"; };
		EABCEEA3247E1BA7001CDC35 /* SceneDelegate.swift */ = {isa = PBXFileReference; lastKnownFileType = sourcecode.swift; path = SceneDelegate.swift; sourceTree = "<group>"; };
		EABCEEA5247E1BA7001CDC35 /* ContentView.swift */ = {isa = PBXFileReference; lastKnownFileType = sourcecode.swift; path = ContentView.swift; sourceTree = "<group>"; };
		EABCEEA7247E1BAA001CDC35 /* Assets.xcassets */ = {isa = PBXFileReference; lastKnownFileType = folder.assetcatalog; path = Assets.xcassets; sourceTree = "<group>"; };
		EABCEEAA247E1BAA001CDC35 /* Preview Assets.xcassets */ = {isa = PBXFileReference; lastKnownFileType = folder.assetcatalog; path = "Preview Assets.xcassets"; sourceTree = "<group>"; };
		EABCEEAD247E1BAA001CDC35 /* Base */ = {isa = PBXFileReference; lastKnownFileType = file.storyboard; name = Base; path = Base.lproj/LaunchScreen.storyboard; sourceTree = "<group>"; };
		EABCEEAF247E1BAA001CDC35 /* Info.plist */ = {isa = PBXFileReference; lastKnownFileType = text.plist.xml; path = Info.plist; sourceTree = "<group>"; };
		EABCEEB5247F727D001CDC35 /* MemoryGame.swift */ = {isa = PBXFileReference; lastKnownFileType = sourcecode.swift; path = MemoryGame.swift; sourceTree = "<group>"; };
		EABCEEB7247F752A001CDC35 /* EmojiMemoryGame.swift */ = {isa = PBXFileReference; lastKnownFileType = sourcecode.swift; path = EmojiMemoryGame.swift; sourceTree = "<group>"; };
/* End PBXFileReference section */

/* Begin PBXFrameworksBuildPhase section */
		EABCEE9B247E1BA7001CDC35 /* Frameworks */ = {
			isa = PBXFrameworksBuildPhase;
			buildActionMask = 2147483647;
			files = (
			);
			runOnlyForDeploymentPostprocessing = 0;
		};
/* End PBXFrameworksBuildPhase section */

/* Begin PBXGroup section */
		EABCEE95247E1BA7001CDC35 = {
			isa = PBXGroup;
			children = (
				EABCEEA0247E1BA7001CDC35 /* Memorize */,
				EABCEE9F247E1BA7001CDC35 /* Products */,
			);
			sourceTree = "<group>";
		};
		EABCEE9F247E1BA7001CDC35 /* Products */ = {
			isa = PBXGroup;
			children = (
				EABCEE9E247E1BA7001CDC35 /* Memorize.app */,
			);
			name = Products;
			sourceTree = "<group>";
		};
		EABCEEA0247E1BA7001CDC35 /* Memorize */ = {
			isa = PBXGroup;
			children = (
				EABCEEB5247F727D001CDC35 /* MemoryGame.swift */,
				EABCEEB7247F752A001CDC35 /* EmojiMemoryGame.swift */,
				EABCEEA1247E1BA7001CDC35 /* AppDelegate.swift */,
				EABCEEA3247E1BA7001CDC35 /* SceneDelegate.swift */,
				EABCEEA5247E1BA7001CDC35 /* ContentView.swift */,
				EABCEEA7247E1BAA001CDC35 /* Assets.xcassets */,
				EABCEEAC247E1BAA001CDC35 /* LaunchScreen.storyboard */,
				EABCEEAF247E1BAA001CDC35 /* Info.plist */,
				EABCEEA9247E1BAA001CDC35 /* Preview Content */,
			);
			path = Memorize;
			sourceTree = "<group>";
		};
		EABCEEA9247E1BAA001CDC35 /* Preview Content */ = {
			isa = PBXGroup;
			children = (
				EABCEEAA247E1BAA001CDC35 /* Preview Assets.xcassets */,
			);
			path = "Preview Content";
			sourceTree = "<group>";
		};
/* End PBXGroup section */

/* Begin PBXNativeTarget section */
		EABCEE9D247E1BA7001CDC35 /* Memorize */ = {
			isa = PBXNativeTarget;
			buildConfigurationList = EABCEEB2247E1BAA001CDC35 /* Build configuration list for PBXNativeTarget "Memorize" */;
			buildPhases = (
				EABCEE9A247E1BA7001CDC35 /* Sources */,
				EABCEE9B247E1BA7001CDC35 /* Frameworks */,
				EABCEE9C247E1BA7001CDC35 /* Resources */,
			);
			buildRules = (
			);
			dependencies = (
			);
			name = Memorize;
			productName = Memorize;
			productReference = EABCEE9E247E1BA7001CDC35 /* Memorize.app */;
			productType = "com.apple.product-type.application";
		};
/* End PBXNativeTarget section */

/* Begin PBXProject section */
		EABCEE96247E1BA7001CDC35 /* Project object */ = {
			isa = PBXProject;
			attributes = {
				LastSwiftUpdateCheck = 1150;
				LastUpgradeCheck = 1150;
				ORGANIZATIONNAME = DefenseAR;
				TargetAttributes = {
					EABCEE9D247E1BA7001CDC35 = {
						CreatedOnToolsVersion = 11.5;
					};
				};
			};
			buildConfigurationList = EABCEE99247E1BA7001CDC35 /* Build configuration list for PBXProject "Memorize" */;
			compatibilityVersion = "Xcode 9.3";
			developmentRegion = en;
			hasScannedForEncodings = 0;
			knownRegions = (
				en,
				Base,
			);
			mainGroup = EABCEE95247E1BA7001CDC35;
			productRefGroup = EABCEE9F247E1BA7001CDC35 /* Products */;
			projectDirPath = "";
			projectRoot = "";
			targets = (
				EABCEE9D247E1BA7001CDC35 /* Memorize */,
			);
		};
/* End PBXProject section */

/* Begin PBXResourcesBuildPhase section */
		EABCEE9C247E1BA7001CDC35 /* Resources */ = {
			isa = PBXResourcesBuildPhase;
			buildActionMask = 2147483647;
			files = (
				EABCEEAE247E1BAA001CDC35 /* LaunchScreen.storyboard in Resources */,
				EABCEEAB247E1BAA001CDC35 /* Preview Assets.xcassets in Resources */,
				EABCEEA8247E1BAA001CDC35 /* Assets.xcassets in Resources */,
			);
			runOnlyForDeploymentPostprocessing = 0;
		};
/* End PBXResourcesBuildPhase section */

/* Begin PBXSourcesBuildPhase section */
		EABCEE9A247E1BA7001CDC35 /* Sources */ = {
			isa = PBXSourcesBuildPhase;
			buildActionMask = 2147483647;
			files = (
				EABCEEA2247E1BA7001CDC35 /* AppDelegate.swift in Sources */,
				EABCEEB6247F727D001CDC35 /* MemoryGame.swift in Sources */,
				EABCEEA4247E1BA7001CDC35 /* SceneDelegate.swift in Sources */,
				EABCEEA6247E1BA7001CDC35 /* ContentView.swift in Sources */,
				EABCEEB8247F752A001CDC35 /* EmojiMemoryGame.swift in Sources */,
			);
			runOnlyForDeploymentPostprocessing = 0;
		};
/* End PBXSourcesBuildPhase section */

/* Begin PBXVariantGroup section */
		EABCEEAC247E1BAA001CDC35 /* LaunchScreen.storyboard */ = {
			isa = PBXVariantGroup;
			children = (
				EABCEEAD247E1BAA001CDC35 /* Base */,
			);
			name = LaunchScreen.storyboard;
			sourceTree = "<group>";
		};
/* End PBXVariantGroup section */

/* Begin XCBuildConfiguration section */
		EABCEEB0247E1BAA001CDC35 /* Debug */ = {
			isa = XCBuildConfiguration;
			buildSettings = {
				ALWAYS_SEARCH_USER_PATHS = NO;
				CLANG_ANALYZER_NONNULL = YES;
				CLANG_ANALYZER_NUMBER_OBJECT_CONVERSION = YES_AGGRESSIVE;
				CLANG_CXX_LANGUAGE_STANDARD = "gnu++14";
				CLANG_CXX_LIBRARY = "libc++";
				CLANG_ENABLE_MODULES = YES;
				CLANG_ENABLE_OBJC_ARC = YES;
				CLANG_ENABLE_OBJC_WEAK = YES;
				CLANG_WARN_BLOCK_CAPTURE_AUTORELEASING = YES;
				CLANG_WARN_BOOL_CONVERSION = YES;
				CLANG_WARN_COMMA = YES;
				CLANG_WARN_CONSTANT_CONVERSION = YES;
				CLANG_WARN_DEPRECATED_OBJC_IMPLEMENTATIONS = YES;
				CLANG_WARN_DIRECT_OBJC_ISA_USAGE = YES_ERROR;
				CLANG_WARN_DOCUMENTATION_COMMENTS = YES;
				CLANG_WARN_EMPTY_BODY = YES;
				CLANG_WARN_ENUM_CONVERSION = YES;
				CLANG_WARN_INFINITE_RECURSION = YES;
				CLANG_WARN_INT_CONVERSION = YES;
				CLANG_WARN_NON_LITERAL_NULL_CONVERSION = YES;
				CLANG_WARN_OBJC_IMPLICIT_RETAIN_SELF = YES;
				CLANG_WARN_OBJC_LITERAL_CONVERSION = YES;
				CLANG_WARN_OBJC_ROOT_CLASS = YES_ERROR;
				CLANG_WARN_RANGE_LOOP_ANALYSIS = YES;
				CLANG_WARN_STRICT_PROTOTYPES = YES;
				CLANG_WARN_SUSPICIOUS_MOVE = YES;
				CLANG_WARN_UNGUARDED_AVAILABILITY = YES_AGGRESSIVE;
				CLANG_WARN_UNREACHABLE_CODE = YES;
				CLANG_WARN__DUPLICATE_METHOD_MATCH = YES;
				COPY_PHASE_STRIP = NO;
				DEBUG_INFORMATION_FORMAT = dwarf;
				ENABLE_STRICT_OBJC_MSGSEND = YES;
				ENABLE_TESTABILITY = YES;
				GCC_C_LANGUAGE_STANDARD = gnu11;
				GCC_DYNAMIC_NO_PIC = NO;
				GCC_NO_COMMON_BLOCKS = YES;
				GCC_OPTIMIZATION_LEVEL = 0;
				GCC_PREPROCESSOR_DEFINITIONS = (
					"DEBUG=1",
					"$(inherited)",
				);
				GCC_WARN_64_TO_32_BIT_CONVERSION = YES;
				GCC_WARN_ABOUT_RETURN_TYPE = YES_ERROR;
				GCC_WARN_UNDECLARED_SELECTOR = YES;
				GCC_WARN_UNINITIALIZED_AUTOS = YES_AGGRESSIVE;
				GCC_WARN_UNUSED_FUNCTION = YES;
				GCC_WARN_UNUSED_VARIABLE = YES;
				IPHONEOS_DEPLOYMENT_TARGET = 13.5;
				MTL_ENABLE_DEBUG_INFO = INCLUDE_SOURCE;
				MTL_FAST_MATH = YES;
				ONLY_ACTIVE_ARCH = YES;
				SDKROOT = iphoneos;
				SWIFT_ACTIVE_COMPILATION_CONDITIONS = DEBUG;
				SWIFT_OPTIMIZATION_LEVEL = "-Onone";
			};
			name = Debug;
		};
		EABCEEB1247E1BAA001CDC35 /* Release */ = {
			isa = XCBuildConfiguration;
			buildSettings = {
				ALWAYS_SEARCH_USER_PATHS = NO;
				CLANG_ANALYZER_NONNULL = YES;
				CLANG_ANALYZER_NUMBER_OBJECT_CONVERSION = YES_AGGRESSIVE;
				CLANG_CXX_LANGUAGE_STANDARD = "gnu++14";
				CLANG_CXX_LIBRARY = "libc++";
				CLANG_ENABLE_MODULES = YES;
				CLANG_ENABLE_OBJC_ARC = YES;
				CLANG_ENABLE_OBJC_WEAK = YES;
				CLANG_WARN_BLOCK_CAPTURE_AUTORELEASING = YES;
				CLANG_WARN_BOOL_CONVERSION = YES;
				CLANG_WARN_COMMA = YES;
				CLANG_WARN_CONSTANT_CONVERSION = YES;
				CLANG_WARN_DEPRECATED_OBJC_IMPLEMENTATIONS = YES;
				CLANG_WARN_DIRECT_OBJC_ISA_USAGE = YES_ERROR;
				CLANG_WARN_DOCUMENTATION_COMMENTS = YES;
				CLANG_WARN_EMPTY_BODY = YES;
				CLANG_WARN_ENUM_CONVERSION = YES;
				CLANG_WARN_INFINITE_RECURSION = YES;
				CLANG_WARN_INT_CONVERSION = YES;
				CLANG_WARN_NON_LITERAL_NULL_CONVERSION = YES;
				CLANG_WARN_OBJC_IMPLICIT_RETAIN_SELF = YES;
				CLANG_WARN_OBJC_LITERAL_CONVERSION = YES;
				CLANG_WARN_OBJC_ROOT_CLASS = YES_ERROR;
				CLANG_WARN_RANGE_LOOP_ANALYSIS = YES;
				CLANG_WARN_STRICT_PROTOTYPES = YES;
				CLANG_WARN_SUSPICIOUS_MOVE = YES;
				CLANG_WARN_UNGUARDED_AVAILABILITY = YES_AGGRESSIVE;
				CLANG_WARN_UNREACHABLE_CODE = YES;
				CLANG_WARN__DUPLICATE_METHOD_MATCH = YES;
				COPY_PHASE_STRIP = NO;
				DEBUG_INFORMATION_FORMAT = "dwarf-with-dsym";
				ENABLE_NS_ASSERTIONS = NO;
				ENABLE_STRICT_OBJC_MSGSEND = YES;
				GCC_C_LANGUAGE_STANDARD = gnu11;
				GCC_NO_COMMON_BLOCKS = YES;
				GCC_WARN_64_TO_32_BIT_CONVERSION = YES;
				GCC_WARN_ABOUT_RETURN_TYPE = YES_ERROR;
				GCC_WARN_UNDECLARED_SELECTOR = YES;
				GCC_WARN_UNINITIALIZED_AUTOS = YES_AGGRESSIVE;
				GCC_WARN_UNUSED_FUNCTION = YES;
				GCC_WARN_UNUSED_VARIABLE = YES;
				IPHONEOS_DEPLOYMENT_TARGET = 13.5;
				MTL_ENABLE_DEBUG_INFO = NO;
				MTL_FAST_MATH = YES;
				SDKROOT = iphoneos;
				SWIFT_COMPILATION_MODE = wholemodule;
				SWIFT_OPTIMIZATION_LEVEL = "-O";
				VALIDATE_PRODUCT = YES;
			};
			name = Release;
		};
		EABCEEB3247E1BAA001CDC35 /* Debug */ = {
			isa = XCBuildConfiguration;
			buildSettings = {
				ASSETCATALOG_COMPILER_APPICON_NAME = AppIcon;
				CODE_SIGN_STYLE = Automatic;
				DEVELOPMENT_ASSET_PATHS = "\"Memorize/Preview Content\"";
				DEVELOPMENT_TEAM = 9TJ9G99H36;
				ENABLE_PREVIEWS = YES;
				INFOPLIST_FILE = Memorize/Info.plist;
				LD_RUNPATH_SEARCH_PATHS = (
					"$(inherited)",
					"@executable_path/Frameworks",
				);
				PRODUCT_BUNDLE_IDENTIFIER = DefenseAR.michaelbailey.Memorize;
				PRODUCT_NAME = "$(TARGET_NAME)";
				SWIFT_VERSION = 5.0;
				TARGETED_DEVICE_FAMILY = "1,2";
			};
			name = Debug;
		};
		EABCEEB4247E1BAA001CDC35 /* Release */ = {
			isa = XCBuildConfiguration;
			buildSettings = {
				ASSETCATALOG_COMPILER_APPICON_NAME = AppIcon;
				CODE_SIGN_STYLE = Automatic;
				DEVELOPMENT_ASSET_PATHS = "\"Memorize/Preview Content\"";
				DEVELOPMENT_TEAM = 9TJ9G99H36;
				ENABLE_PREVIEWS = YES;
				INFOPLIST_FILE = Memorize/Info.plist;
				LD_RUNPATH_SEARCH_PATHS = (
					"$(inherited)",
					"@executable_path/Frameworks",
				);
				PRODUCT_BUNDLE_IDENTIFIER = DefenseAR.michaelbailey.Memorize;
				PRODUCT_NAME = "$(TARGET_NAME)";
				SWIFT_VERSION = 5.0;
				TARGETED_DEVICE_FAMILY = "1,2";
			};
			name = Release;
		};
/* End XCBuildConfiguration section */

/* Begin XCConfigurationList section */
		EABCEE99247E1BA7001CDC35 /* Build configuration list for PBXProject "Memorize" */ = {
			isa = XCConfigurationList;
			buildConfigurations = (
				EABCEEB0247E1BAA001CDC35 /* Debug */,
				EABCEEB1247E1BAA001CDC35 /* Release */,
			);
			defaultConfigurationIsVisible = 0;
			defaultConfigurationName = Release;
		};
		EABCEEB2247E1BAA001CDC35 /* Build configuration list for PBXNativeTarget "Memorize" */ = {
			isa = XCConfigurationList;
			buildConfigurations = (
				EABCEEB3247E1BAA001CDC35 /* Debug */,
				EABCEEB4247E1BAA001CDC35 /* Release */,
			);
			defaultConfigurationIsVisible = 0;
			defaultConfigurationName = Release;
		};
/* End XCConfigurationList section */
	};
	rootObject = EABCEE96247E1BA7001CDC35 /* Project object */;
}
